
Microsoft Visual Studio Solution File, Format Version 12.00
# Visual Studio Version 17
VisualStudioVersion = 17.1.32210.238
MinimumVisualStudioVersion = 10.0.40219.1
Project("{FAE04EC0-301F-11D3-BF4B-00C04F79EFBC}") = "Design_Patterns_Chain_of_responsibility", "Design_Patterns_Chain_of_responsibility\Design_Patterns_Chain_of_responsibility.csproj", "{DEC28F6E-ACF6-4947-B526-FC5DB22B9921}"
EndProject
Global
	GlobalSection(SolutionConfigurationPlatforms) = preSolution
		Debug|Any CPU = Debug|Any CPU
		Release|Any CPU = Release|Any CPU
	EndGlobalSection
	GlobalSection(ProjectConfigurationPlatforms) = postSolution
		{DEC28F6E-ACF6-4947-B526-FC5DB22B9921}.Debug|Any CPU.ActiveCfg = Debug|Any CPU
		{DEC28F6E-ACF6-4947-B526-FC5DB22B9921}.Debug|Any CPU.Build.0 = Debug|Any CPU
		{DEC28F6E-ACF6-4947-B526-FC5DB22B9921}.Release|Any CPU.ActiveCfg = Release|Any CPU
		{DEC28F6E-ACF6-4947-B526-FC5DB22B9921}.Release|Any CPU.Build.0 = Release|Any CPU
	EndGlobalSection
	GlobalSection(SolutionProperties) = preSolution
		HideSolutionNode = FALSE
	EndGlobalSection
	GlobalSection(ExtensibilityGlobals) = postSolution
		SolutionGuid = {C6C111EC-70FC-4809-89A2-5C06EA8B76CD}
	EndGlobalSection
EndGlobal
